
Microsoft Visual Studio Solution File, Format Version 11.00
# Visual Studio 2010
Project("{8BC9CEB8-8B4A-11D0-8D11-00A0C91BC942}") = "socket", "soket\soket.vcxproj", "{49896A33-5B31-4823-89D1-8F24FCD01F10}"
	ProjectSection(ProjectDependencies) = postProject
		{D0E20F7C-F482-4D62-A8C8-51252E88B16A} = {D0E20F7C-F482-4D62-A8C8-51252E88B16A}
		{488157EA-2859-4EC5-A074-46510F5FDE6D} = {488157EA-2859-4EC5-A074-46510F5FDE6D}
	EndProjectSection
EndProject
Project("{8BC9CEB8-8B4A-11D0-8D11-00A0C91BC942}") = "utilfunc", "utilfunc\utilfunc.vcxproj", "{D0E20F7C-F482-4D62-A8C8-51252E88B16A}"
EndProject
Project("{8BC9CEB8-8B4A-11D0-8D11-00A0C91BC942}") = "test", "test\test.vcxproj", "{9149A91A-C8E0-4467-9E33-47DC569A8F8A}"
	ProjectSection(ProjectDependencies) = postProject
		{20BFB830-0ACB-4A2D-8863-0ABC27553684} = {20BFB830-0ACB-4A2D-8863-0ABC27553684}
		{49896A33-5B31-4823-89D1-8F24FCD01F10} = {49896A33-5B31-4823-89D1-8F24FCD01F10}
		{BED2B347-52C7-4CCD-B74F-823C1614D5CF} = {BED2B347-52C7-4CCD-B74F-823C1614D5CF}
		{D0E20F7C-F482-4D62-A8C8-51252E88B16A} = {D0E20F7C-F482-4D62-A8C8-51252E88B16A}
		{21104993-7694-464A-A8CA-6A16D78C819D} = {21104993-7694-464A-A8CA-6A16D78C819D}
		{2B0C019C-DFA5-4E63-9213-71D16C810F6F} = {2B0C019C-DFA5-4E63-9213-71D16C810F6F}
		{1952E8A2-563D-4046-9A73-02BE3A4DAA82} = {1952E8A2-563D-4046-9A73-02BE3A4DAA82}
		{488157EA-2859-4EC5-A074-46510F5FDE6D} = {488157EA-2859-4EC5-A074-46510F5FDE6D}
	EndProjectSection
EndProject
Project("{8BC9CEB8-8B4A-11D0-8D11-00A0C91BC942}") = "buffer", "buffer\buffer.vcxproj", "{488157EA-2859-4EC5-A074-46510F5FDE6D}"
	ProjectSection(ProjectDependencies) = postProject
		{D0E20F7C-F482-4D62-A8C8-51252E88B16A} = {D0E20F7C-F482-4D62-A8C8-51252E88B16A}
	EndProjectSection
EndProject
Project("{8BC9CEB8-8B4A-11D0-8D11-00A0C91BC942}") = "datatrancer", "datatrancer\datatrancer.vcxproj", "{20BFB830-0ACB-4A2D-8863-0ABC27553684}"
	ProjectSection(ProjectDependencies) = postProject
		{49896A33-5B31-4823-89D1-8F24FCD01F10} = {49896A33-5B31-4823-89D1-8F24FCD01F10}
		{BED2B347-52C7-4CCD-B74F-823C1614D5CF} = {BED2B347-52C7-4CCD-B74F-823C1614D5CF}
		{D0E20F7C-F482-4D62-A8C8-51252E88B16A} = {D0E20F7C-F482-4D62-A8C8-51252E88B16A}
		{2B0C019C-DFA5-4E63-9213-71D16C810F6F} = {2B0C019C-DFA5-4E63-9213-71D16C810F6F}
		{488157EA-2859-4EC5-A074-46510F5FDE6D} = {488157EA-2859-4EC5-A074-46510F5FDE6D}
	EndProjectSection
EndProject
Project("{8BC9CEB8-8B4A-11D0-8D11-00A0C91BC942}") = "dataformate", "dataformate\dataformate.vcxproj", "{BED2B347-52C7-4CCD-B74F-823C1614D5CF}"
	ProjectSection(ProjectDependencies) = postProject
		{D0E20F7C-F482-4D62-A8C8-51252E88B16A} = {D0E20F7C-F482-4D62-A8C8-51252E88B16A}
		{488157EA-2859-4EC5-A074-46510F5FDE6D} = {488157EA-2859-4EC5-A074-46510F5FDE6D}
	EndProjectSection
EndProject
Project("{8BC9CEB8-8B4A-11D0-8D11-00A0C91BC942}") = "stddata", "stddata\stddata.vcxproj", "{21104993-7694-464A-A8CA-6A16D78C819D}"
	ProjectSection(ProjectDependencies) = postProject
		{20BFB830-0ACB-4A2D-8863-0ABC27553684} = {20BFB830-0ACB-4A2D-8863-0ABC27553684}
		{49896A33-5B31-4823-89D1-8F24FCD01F10} = {49896A33-5B31-4823-89D1-8F24FCD01F10}
		{BED2B347-52C7-4CCD-B74F-823C1614D5CF} = {BED2B347-52C7-4CCD-B74F-823C1614D5CF}
		{D0E20F7C-F482-4D62-A8C8-51252E88B16A} = {D0E20F7C-F482-4D62-A8C8-51252E88B16A}
		{2B0C019C-DFA5-4E63-9213-71D16C810F6F} = {2B0C019C-DFA5-4E63-9213-71D16C810F6F}
		{FD4C08BD-5F5C-416B-82EB-945BA3F415CC} = {FD4C08BD-5F5C-416B-82EB-945BA3F415CC}
		{488157EA-2859-4EC5-A074-46510F5FDE6D} = {488157EA-2859-4EC5-A074-46510F5FDE6D}
	EndProjectSection
EndProject
Project("{8BC9CEB8-8B4A-11D0-8D11-00A0C91BC942}") = "promanager", "promanager\promanager.vcxproj", "{1952E8A2-563D-4046-9A73-02BE3A4DAA82}"
	ProjectSection(ProjectDependencies) = postProject
		{D0E20F7C-F482-4D62-A8C8-51252E88B16A} = {D0E20F7C-F482-4D62-A8C8-51252E88B16A}
		{488157EA-2859-4EC5-A074-46510F5FDE6D} = {488157EA-2859-4EC5-A074-46510F5FDE6D}
	EndProjectSection
EndProject
Project("{8BC9CEB8-8B4A-11D0-8D11-00A0C91BC942}") = "mysqldriver", "mysqldriver\mysqldriver.vcxproj", "{2B0C019C-DFA5-4E63-9213-71D16C810F6F}"
	ProjectSection(ProjectDependencies) = postProject
		{D0E20F7C-F482-4D62-A8C8-51252E88B16A} = {D0E20F7C-F482-4D62-A8C8-51252E88B16A}
	EndProjectSection
EndProject
Project("{8BC9CEB8-8B4A-11D0-8D11-00A0C91BC942}") = "DataRevTrans", "DataRevTrans\DataRevTrans.vcxproj", "{C46C1DBD-7326-4492-B135-7A05F46AA0C6}"
EndProject
Project("{8BC9CEB8-8B4A-11D0-8D11-00A0C91BC942}") = "TrayIocn", "TrayIocn\TrayIocn.vcxproj", "{A02305F8-2E09-4D92-BF06-14E973A8826C}"
EndProject
Project("{8BC9CEB8-8B4A-11D0-8D11-00A0C91BC942}") = "datashell", "datashell\datashell.vcxproj", "{918BB8CD-6A81-428C-B59C-E7944A340304}"
EndProject
Project("{8BC9CEB8-8B4A-11D0-8D11-00A0C91BC942}") = "state", "state\state.vcxproj", "{AE2683C1-99A1-4A69-ADCD-DD85FA2F17FD}"
EndProject
Project("{8BC9CEB8-8B4A-11D0-8D11-00A0C91BC942}") = "dataparser", "dataparser\dataparser.vcxproj", "{8DE5E7C4-D96B-4474-8D28-7D2B577AB780}"
EndProject
Project("{8BC9CEB8-8B4A-11D0-8D11-00A0C91BC942}") = "datarouter", "datarouter\datarouter.vcxproj", "{481B9FDB-5D09-4EB0-AE78-1A3362D11052}"
	ProjectSection(ProjectDependencies) = postProject
		{488157EA-2859-4EC5-A074-46510F5FDE6D} = {488157EA-2859-4EC5-A074-46510F5FDE6D}
	EndProjectSection
EndProject
Project("{8BC9CEB8-8B4A-11D0-8D11-00A0C91BC942}") = "datarouterZIP", "datarouterZIP\datarouterZIP.vcxproj", "{8AD9CC58-16BC-451E-8C55-B0E72925E720}"
EndProject
Project("{8BC9CEB8-8B4A-11D0-8D11-00A0C91BC942}") = "statistics", "statistics\statistics.vcxproj", "{FD4C08BD-5F5C-416B-82EB-945BA3F415CC}"
EndProject
Project("{8BC9CEB8-8B4A-11D0-8D11-00A0C91BC942}") = "datasaver", "datasaver\datasaver.vcxproj", "{8A583FC4-3E0D-45CC-874F-043B6B5B7288}"
EndProject
Project("{8BC9CEB8-8B4A-11D0-8D11-00A0C91BC942}") = "DataRevSave", "DataRevSave\DataRevSave.vcxproj", "{E1911F81-D424-45B7-BF15-3D1A9DC2A71D}"
EndProject
Project("{8BC9CEB8-8B4A-11D0-8D11-00A0C91BC942}") = "datakldcs", "datakldcs\datakldcs.vcxproj", "{E0E3FB2A-043D-47D1-8601-81F6C4A232A4}"
EndProject
Project("{8BC9CEB8-8B4A-11D0-8D11-00A0C91BC942}") = "dataunzip", "dataunzip\dataunzip.vcxproj", "{ED2C4477-E855-4F25-A863-C6CFDA946287}"
EndProject
Project("{8BC9CEB8-8B4A-11D0-8D11-00A0C91BC942}") = "dataanshan", "dataanshan\dataanshan.vcxproj", "{DDAFE27E-F7B8-4615-AC32-B45EED3D2ED1}"
EndProject
Project("{8BC9CEB8-8B4A-11D0-8D11-00A0C91BC942}") = "datashenyang", "datashenyang\datashenyang.vcxproj", "{75E00014-9E55-47A3-BE3C-8AFC5150AD83}"
EndProject
Global
	GlobalSection(SolutionConfigurationPlatforms) = preSolution
		Debug|Win32 = Debug|Win32
		Debug|x64 = Debug|x64
		Release|Win32 = Release|Win32
		Release|x64 = Release|x64
	EndGlobalSection
	GlobalSection(ProjectConfigurationPlatforms) = postSolution
		{49896A33-5B31-4823-89D1-8F24FCD01F10}.Debug|Win32.ActiveCfg = Debug|Win32
		{49896A33-5B31-4823-89D1-8F24FCD01F10}.Debug|Win32.Build.0 = Debug|Win32
		{49896A33-5B31-4823-89D1-8F24FCD01F10}.Debug|x64.ActiveCfg = Debug|x64
		{49896A33-5B31-4823-89D1-8F24FCD01F10}.Debug|x64.Build.0 = Debug|x64
		{49896A33-5B31-4823-89D1-8F24FCD01F10}.Release|Win32.ActiveCfg = Release|Win32
		{49896A33-5B31-4823-89D1-8F24FCD01F10}.Release|Win32.Build.0 = Release|Win32
		{49896A33-5B31-4823-89D1-8F24FCD01F10}.Release|x64.ActiveCfg = Release|x64
		{49896A33-5B31-4823-89D1-8F24FCD01F10}.Release|x64.Build.0 = Release|x64
		{D0E20F7C-F482-4D62-A8C8-51252E88B16A}.Debug|Win32.ActiveCfg = Debug|Win32
		{D0E20F7C-F482-4D62-A8C8-51252E88B16A}.Debug|Win32.Build.0 = Debug|Win32
		{D0E20F7C-F482-4D62-A8C8-51252E88B16A}.Debug|x64.ActiveCfg = Debug|x64
		{D0E20F7C-F482-4D62-A8C8-51252E88B16A}.Debug|x64.Build.0 = Debug|x64
		{D0E20F7C-F482-4D62-A8C8-51252E88B16A}.Release|Win32.ActiveCfg = Release|Win32
		{D0E20F7C-F482-4D62-A8C8-51252E88B16A}.Release|Win32.Build.0 = Release|Win32
		{D0E20F7C-F482-4D62-A8C8-51252E88B16A}.Release|x64.ActiveCfg = Release|x64
		{D0E20F7C-F482-4D62-A8C8-51252E88B16A}.Release|x64.Build.0 = Release|x64
		{9149A91A-C8E0-4467-9E33-47DC569A8F8A}.Debug|Win32.ActiveCfg = Debug|Win32
		{9149A91A-C8E0-4467-9E33-47DC569A8F8A}.Debug|Win32.Build.0 = Debug|Win32
		{9149A91A-C8E0-4467-9E33-47DC569A8F8A}.Debug|x64.ActiveCfg = Debug|Win32
		{9149A91A-C8E0-4467-9E33-47DC569A8F8A}.Release|Win32.ActiveCfg = Release|Win32
		{9149A91A-C8E0-4467-9E33-47DC569A8F8A}.Release|Win32.Build.0 = Release|Win32
		{9149A91A-C8E0-4467-9E33-47DC569A8F8A}.Release|x64.ActiveCfg = Release|Win32
		{488157EA-2859-4EC5-A074-46510F5FDE6D}.Debug|Win32.ActiveCfg = Debug|Win32
		{488157EA-2859-4EC5-A074-46510F5FDE6D}.Debug|Win32.Build.0 = Debug|Win32
		{488157EA-2859-4EC5-A074-46510F5FDE6D}.Debug|x64.ActiveCfg = Debug|x64
		{488157EA-2859-4EC5-A074-46510F5FDE6D}.Debug|x64.Build.0 = Debug|x64
		{488157EA-2859-4EC5-A074-46510F5FDE6D}.Release|Win32.ActiveCfg = Release|Win32
		{488157EA-2859-4EC5-A074-46510F5FDE6D}.Release|Win32.Build.0 = Release|Win32
		{488157EA-2859-4EC5-A074-46510F5FDE6D}.Release|x64.ActiveCfg = Release|x64
		{488157EA-2859-4EC5-A074-46510F5FDE6D}.Release|x64.Build.0 = Release|x64
		{20BFB830-0ACB-4A2D-8863-0ABC27553684}.Debug|Win32.ActiveCfg = Debug|Win32
		{20BFB830-0ACB-4A2D-8863-0ABC27553684}.Debug|Win32.Build.0 = Debug|Win32
		{20BFB830-0ACB-4A2D-8863-0ABC27553684}.Debug|x64.ActiveCfg = Debug|Win32
		{20BFB830-0ACB-4A2D-8863-0ABC27553684}.Release|Win32.ActiveCfg = Release|Win32
		{20BFB830-0ACB-4A2D-8863-0ABC27553684}.Release|Win32.Build.0 = Release|Win32
		{20BFB830-0ACB-4A2D-8863-0ABC27553684}.Release|x64.ActiveCfg = Release|Win32
		{BED2B347-52C7-4CCD-B74F-823C1614D5CF}.Debug|Win32.ActiveCfg = Debug|Win32
		{BED2B347-52C7-4CCD-B74F-823C1614D5CF}.Debug|Win32.Build.0 = Debug|Win32
		{BED2B347-52C7-4CCD-B74F-823C1614D5CF}.Debug|x64.ActiveCfg = Debug|x64
		{BED2B347-52C7-4CCD-B74F-823C1614D5CF}.Debug|x64.Build.0 = Debug|x64
		{BED2B347-52C7-4CCD-B74F-823C1614D5CF}.Release|Win32.ActiveCfg = Release|Win32
		{BED2B347-52C7-4CCD-B74F-823C1614D5CF}.Release|Win32.Build.0 = Release|Win32
		{BED2B347-52C7-4CCD-B74F-823C1614D5CF}.Release|x64.ActiveCfg = Release|x64
		{BED2B347-52C7-4CCD-B74F-823C1614D5CF}.Release|x64.Build.0 = Release|x64
		{21104993-7694-464A-A8CA-6A16D78C819D}.Debug|Win32.ActiveCfg = Debug|Win32
		{21104993-7694-464A-A8CA-6A16D78C819D}.Debug|Win32.Build.0 = Debug|Win32
		{21104993-7694-464A-A8CA-6A16D78C819D}.Debug|x64.ActiveCfg = Debug|x64
		{21104993-7694-464A-A8CA-6A16D78C819D}.Debug|x64.Build.0 = Debug|x64
		{21104993-7694-464A-A8CA-6A16D78C819D}.Release|Win32.ActiveCfg = Release|Win32
		{21104993-7694-464A-A8CA-6A16D78C819D}.Release|Win32.Build.0 = Release|Win32
		{21104993-7694-464A-A8CA-6A16D78C819D}.Release|x64.ActiveCfg = Release|x64
		{21104993-7694-464A-A8CA-6A16D78C819D}.Release|x64.Build.0 = Release|x64
		{1952E8A2-563D-4046-9A73-02BE3A4DAA82}.Debug|Win32.ActiveCfg = Debug|Win32
		{1952E8A2-563D-4046-9A73-02BE3A4DAA82}.Debug|Win32.Build.0 = Debug|Win32
		{1952E8A2-563D-4046-9A73-02BE3A4DAA82}.Debug|x64.ActiveCfg = Debug|x64
		{1952E8A2-563D-4046-9A73-02BE3A4DAA82}.Debug|x64.Build.0 = Debug|x64
		{1952E8A2-563D-4046-9A73-02BE3A4DAA82}.Release|Win32.ActiveCfg = Release|Win32
		{1952E8A2-563D-4046-9A73-02BE3A4DAA82}.Release|Win32.Build.0 = Release|Win32
		{1952E8A2-563D-4046-9A73-02BE3A4DAA82}.Release|x64.ActiveCfg = Release|x64
		{1952E8A2-563D-4046-9A73-02BE3A4DAA82}.Release|x64.Build.0 = Release|x64
		{2B0C019C-DFA5-4E63-9213-71D16C810F6F}.Debug|Win32.ActiveCfg = Debug|Win32
		{2B0C019C-DFA5-4E63-9213-71D16C810F6F}.Debug|Win32.Build.0 = Debug|Win32
		{2B0C019C-DFA5-4E63-9213-71D16C810F6F}.Debug|x64.ActiveCfg = Debug|x64
		{2B0C019C-DFA5-4E63-9213-71D16C810F6F}.Debug|x64.Build.0 = Debug|x64
		{2B0C019C-DFA5-4E63-9213-71D16C810F6F}.Release|Win32.ActiveCfg = Release|Win32
		{2B0C019C-DFA5-4E63-9213-71D16C810F6F}.Release|Win32.Build.0 = Release|Win32
		{2B0C019C-DFA5-4E63-9213-71D16C810F6F}.Release|x64.ActiveCfg = Release|x64
		{2B0C019C-DFA5-4E63-9213-71D16C810F6F}.Release|x64.Build.0 = Release|x64
		{C46C1DBD-7326-4492-B135-7A05F46AA0C6}.Debug|Win32.ActiveCfg = Debug|Win32
		{C46C1DBD-7326-4492-B135-7A05F46AA0C6}.Debug|Win32.Build.0 = Debug|Win32
		{C46C1DBD-7326-4492-B135-7A05F46AA0C6}.Debug|x64.ActiveCfg = Debug|x64
		{C46C1DBD-7326-4492-B135-7A05F46AA0C6}.Debug|x64.Build.0 = Debug|x64
		{C46C1DBD-7326-4492-B135-7A05F46AA0C6}.Release|Win32.ActiveCfg = Release|Win32
		{C46C1DBD-7326-4492-B135-7A05F46AA0C6}.Release|Win32.Build.0 = Release|Win32
		{C46C1DBD-7326-4492-B135-7A05F46AA0C6}.Release|x64.ActiveCfg = Release|x64
		{C46C1DBD-7326-4492-B135-7A05F46AA0C6}.Release|x64.Build.0 = Release|x64
		{A02305F8-2E09-4D92-BF06-14E973A8826C}.Debug|Win32.ActiveCfg = Debug|Win32
		{A02305F8-2E09-4D92-BF06-14E973A8826C}.Debug|Win32.Build.0 = Debug|Win32
		{A02305F8-2E09-4D92-BF06-14E973A8826C}.Debug|x64.ActiveCfg = Debug|x64
		{A02305F8-2E09-4D92-BF06-14E973A8826C}.Debug|x64.Build.0 = Debug|x64
		{A02305F8-2E09-4D92-BF06-14E973A8826C}.Release|Win32.ActiveCfg = Release|Win32
		{A02305F8-2E09-4D92-BF06-14E973A8826C}.Release|Win32.Build.0 = Release|Win32
		{A02305F8-2E09-4D92-BF06-14E973A8826C}.Release|x64.ActiveCfg = Release|x64
		{A02305F8-2E09-4D92-BF06-14E973A8826C}.Release|x64.Build.0 = Release|x64
		{918BB8CD-6A81-428C-B59C-E7944A340304}.Debug|Win32.ActiveCfg = Debug|Win32
		{918BB8CD-6A81-428C-B59C-E7944A340304}.Debug|Win32.Build.0 = Debug|Win32
		{918BB8CD-6A81-428C-B59C-E7944A340304}.Debug|x64.ActiveCfg = Debug|x64
		{918BB8CD-6A81-428C-B59C-E7944A340304}.Debug|x64.Build.0 = Debug|x64
		{918BB8CD-6A81-428C-B59C-E7944A340304}.Release|Win32.ActiveCfg = Release|Win32
		{918BB8CD-6A81-428C-B59C-E7944A340304}.Release|Win32.Build.0 = Release|Win32
		{918BB8CD-6A81-428C-B59C-E7944A340304}.Release|x64.ActiveCfg = Release|x64
		{918BB8CD-6A81-428C-B59C-E7944A340304}.Release|x64.Build.0 = Release|x64
		{AE2683C1-99A1-4A69-ADCD-DD85FA2F17FD}.Debug|Win32.ActiveCfg = Debug|Win32
		{AE2683C1-99A1-4A69-ADCD-DD85FA2F17FD}.Debug|Win32.Build.0 = Debug|Win32
		{AE2683C1-99A1-4A69-ADCD-DD85FA2F17FD}.Debug|x64.ActiveCfg = Debug|x64
		{AE2683C1-99A1-4A69-ADCD-DD85FA2F17FD}.Debug|x64.Build.0 = Debug|x64
		{AE2683C1-99A1-4A69-ADCD-DD85FA2F17FD}.Release|Win32.ActiveCfg = Release|Win32
		{AE2683C1-99A1-4A69-ADCD-DD85FA2F17FD}.Release|Win32.Build.0 = Release|Win32
		{AE2683C1-99A1-4A69-ADCD-DD85FA2F17FD}.Release|x64.ActiveCfg = Release|x64
		{AE2683C1-99A1-4A69-ADCD-DD85FA2F17FD}.Release|x64.Build.0 = Release|x64
		{8DE5E7C4-D96B-4474-8D28-7D2B577AB780}.Debug|Win32.ActiveCfg = Debug|Win32
		{8DE5E7C4-D96B-4474-8D28-7D2B577AB780}.Debug|Win32.Build.0 = Debug|Win32
		{8DE5E7C4-D96B-4474-8D28-7D2B577AB780}.Debug|x64.ActiveCfg = Debug|Win32
		{8DE5E7C4-D96B-4474-8D28-7D2B577AB780}.Release|Win32.ActiveCfg = Release|Win32
		{8DE5E7C4-D96B-4474-8D28-7D2B577AB780}.Release|Win32.Build.0 = Release|Win32
		{8DE5E7C4-D96B-4474-8D28-7D2B577AB780}.Release|x64.ActiveCfg = Release|Win32
		{481B9FDB-5D09-4EB0-AE78-1A3362D11052}.Debug|Win32.ActiveCfg = Debug|Win32
		{481B9FDB-5D09-4EB0-AE78-1A3362D11052}.Debug|Win32.Build.0 = Debug|Win32
		{481B9FDB-5D09-4EB0-AE78-1A3362D11052}.Debug|x64.ActiveCfg = Debug|Win32
		{481B9FDB-5D09-4EB0-AE78-1A3362D11052}.Release|Win32.ActiveCfg = Release|Win32
		{481B9FDB-5D09-4EB0-AE78-1A3362D11052}.Release|Win32.Build.0 = Release|Win32
		{481B9FDB-5D09-4EB0-AE78-1A3362D11052}.Release|x64.ActiveCfg = Release|Win32
		{8AD9CC58-16BC-451E-8C55-B0E72925E720}.Debug|Win32.ActiveCfg = Debug|Win32
		{8AD9CC58-16BC-451E-8C55-B0E72925E720}.Debug|Win32.Build.0 = Debug|Win32
		{8AD9CC58-16BC-451E-8C55-B0E72925E720}.Debug|x64.ActiveCfg = Debug|Win32
		{8AD9CC58-16BC-451E-8C55-B0E72925E720}.Release|Win32.ActiveCfg = Release|Win32
		{8AD9CC58-16BC-451E-8C55-B0E72925E720}.Release|Win32.Build.0 = Release|Win32
		{8AD9CC58-16BC-451E-8C55-B0E72925E720}.Release|x64.ActiveCfg = Release|Win32
		{FD4C08BD-5F5C-416B-82EB-945BA3F415CC}.Debug|Win32.ActiveCfg = Debug|Win32
		{FD4C08BD-5F5C-416B-82EB-945BA3F415CC}.Debug|Win32.Build.0 = Debug|Win32
		{FD4C08BD-5F5C-416B-82EB-945BA3F415CC}.Debug|x64.ActiveCfg = Debug|Win32
		{FD4C08BD-5F5C-416B-82EB-945BA3F415CC}.Release|Win32.ActiveCfg = Release|Win32
		{FD4C08BD-5F5C-416B-82EB-945BA3F415CC}.Release|Win32.Build.0 = Release|Win32
		{FD4C08BD-5F5C-416B-82EB-945BA3F415CC}.Release|x64.ActiveCfg = Release|Win32
		{8A583FC4-3E0D-45CC-874F-043B6B5B7288}.Debug|Win32.ActiveCfg = Debug|Win32
		{8A583FC4-3E0D-45CC-874F-043B6B5B7288}.Debug|Win32.Build.0 = Debug|Win32
		{8A583FC4-3E0D-45CC-874F-043B6B5B7288}.Debug|x64.ActiveCfg = Debug|Win32
		{8A583FC4-3E0D-45CC-874F-043B6B5B7288}.Release|Win32.ActiveCfg = Release|Win32
		{8A583FC4-3E0D-45CC-874F-043B6B5B7288}.Release|Win32.Build.0 = Release|Win32
		{8A583FC4-3E0D-45CC-874F-043B6B5B7288}.Release|x64.ActiveCfg = Release|Win32
		{E1911F81-D424-45B7-BF15-3D1A9DC2A71D}.Debug|Win32.ActiveCfg = Debug|Win32
		{E1911F81-D424-45B7-BF15-3D1A9DC2A71D}.Debug|Win32.Build.0 = Debug|Win32
		{E1911F81-D424-45B7-BF15-3D1A9DC2A71D}.Debug|x64.ActiveCfg = Debug|x64
		{E1911F81-D424-45B7-BF15-3D1A9DC2A71D}.Debug|x64.Build.0 = Debug|x64
		{E1911F81-D424-45B7-BF15-3D1A9DC2A71D}.Release|Win32.ActiveCfg = Release|Win32
		{E1911F81-D424-45B7-BF15-3D1A9DC2A71D}.Release|Win32.Build.0 = Release|Win32
		{E1911F81-D424-45B7-BF15-3D1A9DC2A71D}.Release|x64.ActiveCfg = Release|x64
		{E1911F81-D424-45B7-BF15-3D1A9DC2A71D}.Release|x64.Build.0 = Release|x64
		{E0E3FB2A-043D-47D1-8601-81F6C4A232A4}.Debug|Win32.ActiveCfg = Debug|Win32
		{E0E3FB2A-043D-47D1-8601-81F6C4A232A4}.Debug|Win32.Build.0 = Debug|Win32
		{E0E3FB2A-043D-47D1-8601-81F6C4A232A4}.Debug|x64.ActiveCfg = Debug|x64
		{E0E3FB2A-043D-47D1-8601-81F6C4A232A4}.Debug|x64.Build.0 = Debug|x64
		{E0E3FB2A-043D-47D1-8601-81F6C4A232A4}.Release|Win32.ActiveCfg = Release|Win32
		{E0E3FB2A-043D-47D1-8601-81F6C4A232A4}.Release|Win32.Build.0 = Release|Win32
		{E0E3FB2A-043D-47D1-8601-81F6C4A232A4}.Release|x64.ActiveCfg = Release|x64
		{E0E3FB2A-043D-47D1-8601-81F6C4A232A4}.Release|x64.Build.0 = Release|x64
		{ED2C4477-E855-4F25-A863-C6CFDA946287}.Debug|Win32.ActiveCfg = Debug|Win32
		{ED2C4477-E855-4F25-A863-C6CFDA946287}.Debug|Win32.Build.0 = Debug|Win32
		{ED2C4477-E855-4F25-A863-C6CFDA946287}.Debug|x64.ActiveCfg = Debug|Win32
		{ED2C4477-E855-4F25-A863-C6CFDA946287}.Release|Win32.ActiveCfg = Release|Win32
		{ED2C4477-E855-4F25-A863-C6CFDA946287}.Release|Win32.Build.0 = Release|Win32
		{ED2C4477-E855-4F25-A863-C6CFDA946287}.Release|x64.ActiveCfg = Release|Win32
		{DDAFE27E-F7B8-4615-AC32-B45EED3D2ED1}.Debug|Win32.ActiveCfg = Debug|Win32
		{DDAFE27E-F7B8-4615-AC32-B45EED3D2ED1}.Debug|Win32.Build.0 = Debug|Win32
		{DDAFE27E-F7B8-4615-AC32-B45EED3D2ED1}.Debug|x64.ActiveCfg = Debug|x64
		{DDAFE27E-F7B8-4615-AC32-B45EED3D2ED1}.Debug|x64.Build.0 = Debug|x64
		{DDAFE27E-F7B8-4615-AC32-B45EED3D2ED1}.Release|Win32.ActiveCfg = Release|Win32
		{DDAFE27E-F7B8-4615-AC32-B45EED3D2ED1}.Release|Win32.Build.0 = Release|Win32
		{DDAFE27E-F7B8-4615-AC32-B45EED3D2ED1}.Release|x64.ActiveCfg = Release|x64
		{DDAFE27E-F7B8-4615-AC32-B45EED3D2ED1}.Release|x64.Build.0 = Release|x64
		{75E00014-9E55-47A3-BE3C-8AFC5150AD83}.Debug|Win32.ActiveCfg = Debug|Win32
		{75E00014-9E55-47A3-BE3C-8AFC5150AD83}.Debug|Win32.Build.0 = Debug|Win32
		{75E00014-9E55-47A3-BE3C-8AFC5150AD83}.Debug|x64.ActiveCfg = Debug|x64
		{75E00014-9E55-47A3-BE3C-8AFC5150AD83}.Debug|x64.Build.0 = Debug|x64
		{75E00014-9E55-47A3-BE3C-8AFC5150AD83}.Release|Win32.ActiveCfg = Release|Win32
		{75E00014-9E55-47A3-BE3C-8AFC5150AD83}.Release|Win32.Build.0 = Release|Win32
		{75E00014-9E55-47A3-BE3C-8AFC5150AD83}.Release|x64.ActiveCfg = Release|x64
		{75E00014-9E55-47A3-BE3C-8AFC5150AD83}.Release|x64.Build.0 = Release|x64
	EndGlobalSection
	GlobalSection(SolutionProperties) = preSolution
		HideSolutionNode = FALSE
	EndGlobalSection
EndGlobal
